
Microsoft Visual Studio Solution File, Format Version 12.00
# Visual Studio Version 16
VisualStudioVersion = 16.0.30523.141
MinimumVisualStudioVersion = 10.0.40219.1
Project("{FAE04EC0-301F-11D3-BF4B-00C04F79EFBC}") = "RobotsVsDinosaurs", "RobotsVsDinosaurs.csproj", "{3E31B409-4A64-4A32-A1CD-B81298D6C101}"
EndProject
Global
	GlobalSection(SolutionConfigurationPlatforms) = preSolution
		Debug|Any CPU = Debug|Any CPU
		Release|Any CPU = Release|Any CPU
	EndGlobalSection
	GlobalSection(ProjectConfigurationPlatforms) = postSolution
		{3E31B409-4A64-4A32-A1CD-B81298D6C101}.Debug|Any CPU.ActiveCfg = Debug|Any CPU
		{3E31B409-4A64-4A32-A1CD-B81298D6C101}.Debug|Any CPU.Build.0 = Debug|Any CPU
		{3E31B409-4A64-4A32-A1CD-B81298D6C101}.Release|Any CPU.ActiveCfg = Release|Any CPU
		{3E31B409-4A64-4A32-A1CD-B81298D6C101}.Release|Any CPU.Build.0 = Release|Any CPU
	EndGlobalSection
	GlobalSection(SolutionProperties) = preSolution
		HideSolutionNode = FALSE
	EndGlobalSection
	GlobalSection(ExtensibilityGlobals) = postSolution
		SolutionGuid = {F58BDA28-B795-4E24-A733-C1D18CDD8D4F}
	EndGlobalSection
EndGlobal
